
Microsoft Visual Studio Solution File, Format Version 12.00
# Visual Studio 15
VisualStudioVersion = 15.0.28307.489
MinimumVisualStudioVersion = 10.0.40219.1
Project("{FAE04EC0-301F-11D3-BF4B-00C04F79EFBC}") = "ASPNETContractManagement", "ASPNETContractManagement\ASPNETContractManagement.csproj", "{FD2B2A31-CA22-4427-8CC7-E6750606D98C}"
EndProject
Global
	GlobalSection(SolutionConfigurationPlatforms) = preSolution
		Debug|Any CPU = Debug|Any CPU
		Release|Any CPU = Release|Any CPU
	EndGlobalSection
	GlobalSection(ProjectConfigurationPlatforms) = postSolution
		{FD2B2A31-CA22-4427-8CC7-E6750606D98C}.Debug|Any CPU.ActiveCfg = Debug|Any CPU
		{FD2B2A31-CA22-4427-8CC7-E6750606D98C}.Debug|Any CPU.Build.0 = Debug|Any CPU
		{FD2B2A31-CA22-4427-8CC7-E6750606D98C}.Release|Any CPU.ActiveCfg = Release|Any CPU
		{FD2B2A31-CA22-4427-8CC7-E6750606D98C}.Release|Any CPU.Build.0 = Release|Any CPU
	EndGlobalSection
	GlobalSection(SolutionProperties) = preSolution
		HideSolutionNode = FALSE
	EndGlobalSection
	GlobalSection(ExtensibilityGlobals) = postSolution
		SolutionGuid = {5FF1294F-5FC5-49D5-A6C4-4AEC2723BFDA}
	EndGlobalSection
EndGlobal
